
Microsoft Visual Studio Solution File, Format Version 12.00
# Visual Studio Version 17
VisualStudioVersion = 17.9.34728.123
MinimumVisualStudioVersion = 10.0.40219.1
Project("{FAE04EC0-301F-11D3-BF4B-00C04F79EFBC}") = "LibraryAPI", "LibraryAPI.csproj", "{365D4CAC-A863-4D0B-BC11-E1A8CD2F3BBF}"
EndProject
Global
	GlobalSection(SolutionConfigurationPlatforms) = preSolution
		Debug|Any CPU = Debug|Any CPU
		Release|Any CPU = Release|Any CPU
	EndGlobalSection
	GlobalSection(ProjectConfigurationPlatforms) = postSolution
		{365D4CAC-A863-4D0B-BC11-E1A8CD2F3BBF}.Debug|Any CPU.ActiveCfg = Debug|Any CPU
		{365D4CAC-A863-4D0B-BC11-E1A8CD2F3BBF}.Debug|Any CPU.Build.0 = Debug|Any CPU
		{365D4CAC-A863-4D0B-BC11-E1A8CD2F3BBF}.Release|Any CPU.ActiveCfg = Release|Any CPU
		{365D4CAC-A863-4D0B-BC11-E1A8CD2F3BBF}.Release|Any CPU.Build.0 = Release|Any CPU
	EndGlobalSection
	GlobalSection(SolutionProperties) = preSolution
		HideSolutionNode = FALSE
	EndGlobalSection
	GlobalSection(ExtensibilityGlobals) = postSolution
		SolutionGuid = {27FD50A3-E181-4D12-AE7D-0AC9DD7683CC}
	EndGlobalSection
EndGlobal
